---
lockfileVersion: 1
lockfileVendor: redhat
arches:
- arch: x86_64
  packages:
  - url: https://cdn.redhat.com/content/dist/rhel9/9/x86_64/baseos/os/Packages/j/jq-1.6-19.el9.x86_64.rpm
    repoid: rhel-9-for-x86_64-baseos-rpms
    size: 191662
    checksum: sha256:6b4d82714813d7b4a3200bf2856a3c1493d186e9caa916d7a700ec25e4996462
    name: jq
    evr: 1.6-19.el9
    sourcerpm: jq-1.6-19.el9.src.rpm
  - url: https://cdn.redhat.com/content/dist/rhel9/9/x86_64/baseos/os/Packages/o/oniguruma-6.9.6-1.el9.6.x86_64.rpm
    repoid: rhel-9-for-x86_64-baseos-rpms
    size: 226451
    checksum: sha256:a532fc644b41ead28ac07fb4217e2ceb9cdd5fdaadc13e9a02b7be3ee703bf85
    name: oniguruma
    evr: 6.9.6-1.el9.6
    sourcerpm: oniguruma-6.9.6-1.el9.6.src.rpm
  source: []
  module_metadata: []
